
Microsoft Visual Studio Solution File, Format Version 12.00
# Visual Studio Version 16
VisualStudioVersion = 16.0.31624.102
MinimumVisualStudioVersion = 10.0.40219.1
Project("{FAE04EC0-301F-11D3-BF4B-00C04F79EFBC}") = "Conditionals2", "Conditionals2\Conditionals2.csproj", "{EB62F40B-1705-49B7-AC11-024FB1E2326B}"
EndProject
Global
	GlobalSection(SolutionConfigurationPlatforms) = preSolution
		Debug|Any CPU = Debug|Any CPU
		Release|Any CPU = Release|Any CPU
	EndGlobalSection
	GlobalSection(ProjectConfigurationPlatforms) = postSolution
		{EB62F40B-1705-49B7-AC11-024FB1E2326B}.Debug|Any CPU.ActiveCfg = Debug|Any CPU
		{EB62F40B-1705-49B7-AC11-024FB1E2326B}.Debug|Any CPU.Build.0 = Debug|Any CPU
		{EB62F40B-1705-49B7-AC11-024FB1E2326B}.Release|Any CPU.ActiveCfg = Release|Any CPU
		{EB62F40B-1705-49B7-AC11-024FB1E2326B}.Release|Any CPU.Build.0 = Release|Any CPU
	EndGlobalSection
	GlobalSection(SolutionProperties) = preSolution
		HideSolutionNode = FALSE
	EndGlobalSection
	GlobalSection(ExtensibilityGlobals) = postSolution
		SolutionGuid = {162ED882-785E-4074-8987-309D979DBC0E}
	EndGlobalSection
EndGlobal
